
Microsoft Visual Studio Solution File, Format Version 12.00
# Visual Studio Version 17
VisualStudioVersion = 17.6.33815.320
MinimumVisualStudioVersion = 10.0.40219.1
Project("{FAE04EC0-301F-11D3-BF4B-00C04F79EFBC}") = "Reversi", "Reversi\Reversi.csproj", "{91DB9B2F-A4EF-4009-986F-FED3956BCADA}"
EndProject
Global
	GlobalSection(SolutionConfigurationPlatforms) = preSolution
		Debug|Any CPU = Debug|Any CPU
		Release|Any CPU = Release|Any CPU
	EndGlobalSection
	GlobalSection(ProjectConfigurationPlatforms) = postSolution
		{91DB9B2F-A4EF-4009-986F-FED3956BCADA}.Debug|Any CPU.ActiveCfg = Debug|Any CPU
		{91DB9B2F-A4EF-4009-986F-FED3956BCADA}.Debug|Any CPU.Build.0 = Debug|Any CPU
		{91DB9B2F-A4EF-4009-986F-FED3956BCADA}.Release|Any CPU.ActiveCfg = Release|Any CPU
		{91DB9B2F-A4EF-4009-986F-FED3956BCADA}.Release|Any CPU.Build.0 = Release|Any CPU
	EndGlobalSection
	GlobalSection(SolutionProperties) = preSolution
		HideSolutionNode = FALSE
	EndGlobalSection
	GlobalSection(ExtensibilityGlobals) = postSolution
		SolutionGuid = {4B602BFA-CAC6-4143-8872-DB09F5CEA17A}
	EndGlobalSection
EndGlobal
